
Microsoft Visual Studio Solution File, Format Version 12.00
# Visual Studio Version 17
VisualStudioVersion = 17.4.33213.308
MinimumVisualStudioVersion = 10.0.40219.1
Project("{FAE04EC0-301F-11D3-BF4B-00C04F79EFBC}") = "WpfEvents", "WpfEvents\WpfEvents.csproj", "{0047B2FD-39E5-4AE8-BFF7-03EF9FA1C6C3}"
EndProject
Project("{FAE04EC0-301F-11D3-BF4B-00C04F79EFBC}") = "Cafe.Lib", "Cafe.Lib\Cafe.Lib.csproj", "{904DC717-06A7-4427-AB73-8C04CE9B0AF7}"
EndProject
Project("{FAE04EC0-301F-11D3-BF4B-00C04F79EFBC}") = "Cafe.Cons", "Cafe.Cons\Cafe.Cons.csproj", "{4565470A-90DA-44B2-8FF3-3DD9890F0962}"
EndProject
Global
	GlobalSection(SolutionConfigurationPlatforms) = preSolution
		Debug|Any CPU = Debug|Any CPU
		Release|Any CPU = Release|Any CPU
	EndGlobalSection
	GlobalSection(ProjectConfigurationPlatforms) = postSolution
		{0047B2FD-39E5-4AE8-BFF7-03EF9FA1C6C3}.Debug|Any CPU.ActiveCfg = Debug|Any CPU
		{0047B2FD-39E5-4AE8-BFF7-03EF9FA1C6C3}.Debug|Any CPU.Build.0 = Debug|Any CPU
		{0047B2FD-39E5-4AE8-BFF7-03EF9FA1C6C3}.Release|Any CPU.ActiveCfg = Release|Any CPU
		{0047B2FD-39E5-4AE8-BFF7-03EF9FA1C6C3}.Release|Any CPU.Build.0 = Release|Any CPU
		{904DC717-06A7-4427-AB73-8C04CE9B0AF7}.Debug|Any CPU.ActiveCfg = Debug|Any CPU
		{904DC717-06A7-4427-AB73-8C04CE9B0AF7}.Debug|Any CPU.Build.0 = Debug|Any CPU
		{904DC717-06A7-4427-AB73-8C04CE9B0AF7}.Release|Any CPU.ActiveCfg = Release|Any CPU
		{904DC717-06A7-4427-AB73-8C04CE9B0AF7}.Release|Any CPU.Build.0 = Release|Any CPU
		{4565470A-90DA-44B2-8FF3-3DD9890F0962}.Debug|Any CPU.ActiveCfg = Debug|Any CPU
		{4565470A-90DA-44B2-8FF3-3DD9890F0962}.Debug|Any CPU.Build.0 = Debug|Any CPU
		{4565470A-90DA-44B2-8FF3-3DD9890F0962}.Release|Any CPU.ActiveCfg = Release|Any CPU
		{4565470A-90DA-44B2-8FF3-3DD9890F0962}.Release|Any CPU.Build.0 = Release|Any CPU
	EndGlobalSection
	GlobalSection(SolutionProperties) = preSolution
		HideSolutionNode = FALSE
	EndGlobalSection
	GlobalSection(ExtensibilityGlobals) = postSolution
		SolutionGuid = {EC2F9794-4AB6-497B-80CF-4FD142C9B4E8}
	EndGlobalSection
EndGlobal
